
Microsoft Visual Studio Solution File, Format Version 12.00
# Visual Studio Version 17
VisualStudioVersion = 17.0.31903.59
MinimumVisualStudioVersion = 10.0.40219.1
Project("{9A19103F-16F7-4668-BE54-9A1E7A4F7556}") = "GestioneSagre.Utility", "src\GestioneSagre.Utility\GestioneSagre.Utility.csproj", "{326C255C-6159-46D6-BBEF-39AD1E581F25}"
EndProject
Project("{2150E333-8FDC-42A3-9474-1A3956D46DE8}") = "Elementi di soluzione", "Elementi di soluzione", "{57C3D722-BA90-459B-A5E4-8E225CD35DBA}"
	ProjectSection(SolutionItems) = preProject
		docker-compose.yml = docker-compose.yml
	EndProjectSection
EndProject
Project("{9A19103F-16F7-4668-BE54-9A1E7A4F7556}") = "GestioneSagre.Utility.Tests", "src\GestioneSagre.Utility.Tests\GestioneSagre.Utility.Tests.csproj", "{6B23FBC2-B570-4A7D-BC0B-95F7C826A8D1}"
EndProject
Global
	GlobalSection(SolutionConfigurationPlatforms) = preSolution
		Debug|Any CPU = Debug|Any CPU
		Release|Any CPU = Release|Any CPU
	EndGlobalSection
	GlobalSection(ProjectConfigurationPlatforms) = postSolution
		{326C255C-6159-46D6-BBEF-39AD1E581F25}.Debug|Any CPU.ActiveCfg = Debug|Any CPU
		{326C255C-6159-46D6-BBEF-39AD1E581F25}.Debug|Any CPU.Build.0 = Debug|Any CPU
		{326C255C-6159-46D6-BBEF-39AD1E581F25}.Release|Any CPU.ActiveCfg = Release|Any CPU
		{326C255C-6159-46D6-BBEF-39AD1E581F25}.Release|Any CPU.Build.0 = Release|Any CPU
		{6B23FBC2-B570-4A7D-BC0B-95F7C826A8D1}.Debug|Any CPU.ActiveCfg = Debug|Any CPU
		{6B23FBC2-B570-4A7D-BC0B-95F7C826A8D1}.Debug|Any CPU.Build.0 = Debug|Any CPU
		{6B23FBC2-B570-4A7D-BC0B-95F7C826A8D1}.Release|Any CPU.ActiveCfg = Release|Any CPU
		{6B23FBC2-B570-4A7D-BC0B-95F7C826A8D1}.Release|Any CPU.Build.0 = Release|Any CPU
	EndGlobalSection
	GlobalSection(SolutionProperties) = preSolution
		HideSolutionNode = FALSE
	EndGlobalSection
	GlobalSection(ExtensibilityGlobals) = postSolution
		SolutionGuid = {314AD533-AFF5-48C5-964F-8A88774B13D2}
	EndGlobalSection
EndGlobal
