
Microsoft Visual Studio Solution File, Format Version 12.00
# Visual Studio Version 17
VisualStudioVersion = 17.0.31903.59
MinimumVisualStudioVersion = 10.0.40219.1
Project("{9A19103F-16F7-4668-BE54-9A1E7A4F7556}") = "GestioneSagre.Utility", "src\GestioneSagre.Utility\GestioneSagre.Utility.csproj", "{326C255C-6159-46D6-BBEF-39AD1E581F25}"
EndProject
Project("{2150E333-8FDC-42A3-9474-1A3956D46DE8}") = "Elementi di soluzione", "Elementi di soluzione", "{57C3D722-BA90-459B-A5E4-8E225CD35DBA}"
	ProjectSection(SolutionItems) = preProject
		docker-compose.yml = docker-compose.yml
	EndProjectSection
EndProject
Project("{9A19103F-16F7-4668-BE54-9A1E7A4F7556}") = "GestioneSagre.Utility.Shared", "src\GestioneSagre.Utility.Shared\GestioneSagre.Utility.Shared.csproj", "{9EF9A5B0-81DA-46CA-AB89-B604B1B0291F}"
EndProject
Project("{9A19103F-16F7-4668-BE54-9A1E7A4F7556}") = "GestioneSagre.Utility.DataAccessLayer", "src\GestioneSagre.Utility.DataAccessLayer\GestioneSagre.Utility.DataAccessLayer.csproj", "{DFA9400E-5AAD-42C0-9D6D-E3B2DCCDA06E}"
EndProject
Project("{9A19103F-16F7-4668-BE54-9A1E7A4F7556}") = "GestioneSagre.Utility.BusinessLayer", "src\GestioneSagre.Utility.BusinessLayer\GestioneSagre.Utility.BusinessLayer.csproj", "{39890EE1-43FD-48F0-8C58-A5C2E021953C}"
EndProject
Project("{9A19103F-16F7-4668-BE54-9A1E7A4F7556}") = "GestioneSagre.Utility.UnitTest", "src\GestioneSagre.Utility.UnitTest\GestioneSagre.Utility.UnitTest.csproj", "{0ED458FF-B2D6-4A8C-9BFB-9EC1C8991BFB}"
EndProject
Global
	GlobalSection(SolutionConfigurationPlatforms) = preSolution
		Debug|Any CPU = Debug|Any CPU
		Release|Any CPU = Release|Any CPU
	EndGlobalSection
	GlobalSection(ProjectConfigurationPlatforms) = postSolution
		{326C255C-6159-46D6-BBEF-39AD1E581F25}.Debug|Any CPU.ActiveCfg = Debug|Any CPU
		{326C255C-6159-46D6-BBEF-39AD1E581F25}.Debug|Any CPU.Build.0 = Debug|Any CPU
		{326C255C-6159-46D6-BBEF-39AD1E581F25}.Release|Any CPU.ActiveCfg = Release|Any CPU
		{326C255C-6159-46D6-BBEF-39AD1E581F25}.Release|Any CPU.Build.0 = Release|Any CPU
		{9EF9A5B0-81DA-46CA-AB89-B604B1B0291F}.Debug|Any CPU.ActiveCfg = Debug|Any CPU
		{9EF9A5B0-81DA-46CA-AB89-B604B1B0291F}.Debug|Any CPU.Build.0 = Debug|Any CPU
		{9EF9A5B0-81DA-46CA-AB89-B604B1B0291F}.Release|Any CPU.ActiveCfg = Release|Any CPU
		{9EF9A5B0-81DA-46CA-AB89-B604B1B0291F}.Release|Any CPU.Build.0 = Release|Any CPU
		{DFA9400E-5AAD-42C0-9D6D-E3B2DCCDA06E}.Debug|Any CPU.ActiveCfg = Debug|Any CPU
		{DFA9400E-5AAD-42C0-9D6D-E3B2DCCDA06E}.Debug|Any CPU.Build.0 = Debug|Any CPU
		{DFA9400E-5AAD-42C0-9D6D-E3B2DCCDA06E}.Release|Any CPU.ActiveCfg = Release|Any CPU
		{DFA9400E-5AAD-42C0-9D6D-E3B2DCCDA06E}.Release|Any CPU.Build.0 = Release|Any CPU
		{39890EE1-43FD-48F0-8C58-A5C2E021953C}.Debug|Any CPU.ActiveCfg = Debug|Any CPU
		{39890EE1-43FD-48F0-8C58-A5C2E021953C}.Debug|Any CPU.Build.0 = Debug|Any CPU
		{39890EE1-43FD-48F0-8C58-A5C2E021953C}.Release|Any CPU.ActiveCfg = Release|Any CPU
		{39890EE1-43FD-48F0-8C58-A5C2E021953C}.Release|Any CPU.Build.0 = Release|Any CPU
		{0ED458FF-B2D6-4A8C-9BFB-9EC1C8991BFB}.Debug|Any CPU.ActiveCfg = Debug|Any CPU
		{0ED458FF-B2D6-4A8C-9BFB-9EC1C8991BFB}.Debug|Any CPU.Build.0 = Debug|Any CPU
		{0ED458FF-B2D6-4A8C-9BFB-9EC1C8991BFB}.Release|Any CPU.ActiveCfg = Release|Any CPU
		{0ED458FF-B2D6-4A8C-9BFB-9EC1C8991BFB}.Release|Any CPU.Build.0 = Release|Any CPU
	EndGlobalSection
	GlobalSection(SolutionProperties) = preSolution
		HideSolutionNode = FALSE
	EndGlobalSection
	GlobalSection(ExtensibilityGlobals) = postSolution
		SolutionGuid = {314AD533-AFF5-48C5-964F-8A88774B13D2}
	EndGlobalSection
EndGlobal
